
Microsoft Visual Studio Solution File, Format Version 12.00
# Visual Studio Version 16
VisualStudioVersion = 16.0.30114.105
MinimumVisualStudioVersion = 10.0.40219.1
Project("{2150E333-8FDC-42A3-9474-1A3956D46DE8}") = "src", "src", "{139710F6-F9F2-4820-B741-681A84A11FDB}"
EndProject
Project("{FAE04EC0-301F-11D3-BF4B-00C04F79EFBC}") = "SmallsOnline.Web.Lib", "src\SmallsOnline.Web.Lib\SmallsOnline.Web.Lib.csproj", "{63A00DD1-B1CC-4FAE-9C4D-53915FCC20C3}"
EndProject
Project("{FAE04EC0-301F-11D3-BF4B-00C04F79EFBC}") = "SmallsOnline.Web.Lib.Components", "src\SmallsOnline.Web.Lib.Components\SmallsOnline.Web.Lib.Components.csproj", "{F67DEE6D-0BC0-4AFC-BAB2-A6959B131577}"
EndProject
Global
	GlobalSection(SolutionConfigurationPlatforms) = preSolution
		Debug|Any CPU = Debug|Any CPU
		Release|Any CPU = Release|Any CPU
	EndGlobalSection
	GlobalSection(SolutionProperties) = preSolution
		HideSolutionNode = FALSE
	EndGlobalSection
	GlobalSection(ProjectConfigurationPlatforms) = postSolution
		{63A00DD1-B1CC-4FAE-9C4D-53915FCC20C3}.Debug|Any CPU.ActiveCfg = Debug|Any CPU
		{63A00DD1-B1CC-4FAE-9C4D-53915FCC20C3}.Debug|Any CPU.Build.0 = Debug|Any CPU
		{63A00DD1-B1CC-4FAE-9C4D-53915FCC20C3}.Release|Any CPU.ActiveCfg = Release|Any CPU
		{63A00DD1-B1CC-4FAE-9C4D-53915FCC20C3}.Release|Any CPU.Build.0 = Release|Any CPU
		{F67DEE6D-0BC0-4AFC-BAB2-A6959B131577}.Debug|Any CPU.ActiveCfg = Debug|Any CPU
		{F67DEE6D-0BC0-4AFC-BAB2-A6959B131577}.Debug|Any CPU.Build.0 = Debug|Any CPU
		{F67DEE6D-0BC0-4AFC-BAB2-A6959B131577}.Release|Any CPU.ActiveCfg = Release|Any CPU
		{F67DEE6D-0BC0-4AFC-BAB2-A6959B131577}.Release|Any CPU.Build.0 = Release|Any CPU
	EndGlobalSection
	GlobalSection(NestedProjects) = preSolution
		{63A00DD1-B1CC-4FAE-9C4D-53915FCC20C3} = {139710F6-F9F2-4820-B741-681A84A11FDB}
		{F67DEE6D-0BC0-4AFC-BAB2-A6959B131577} = {139710F6-F9F2-4820-B741-681A84A11FDB}
	EndGlobalSection
EndGlobal
